// !$*UTF8*$!
{
	archiveVersion = 1;
	classes = {
	};
	objectVersion = 50;
	objects = {

/* Begin PBXBuildFile section */
		99463D92243B4706008983B4 /* 24_hashing_integers.cpp in Sources */ = {isa = PBXBuildFile; fileRef = 99463D91243B4706008983B4 /* 24_hashing_integers.cpp */; };
		994CBC9E2437675D009EE895 /* 16_optional.cpp in Sources */ = {isa = PBXBuildFile; fileRef = 994CBC9D2437675D009EE895 /* 16_optional.cpp */; };
		997B86012431C65A00AB2C2D /* 8_assignment_hashing.cpp in Sources */ = {isa = PBXBuildFile; fileRef = 997B86002431C65A00AB2C2D /* 8_assignment_hashing.cpp */; };
		997B8603243244D300AB2C2D /* 9_set_extract_merge.cpp in Sources */ = {isa = PBXBuildFile; fileRef = 997B8602243244D300AB2C2D /* 9_set_extract_merge.cpp */; };
		997B860524330F5B00AB2C2D /* 10_assignment_secondary_db_index.cpp in Sources */ = {isa = PBXBuildFile; fileRef = 997B860424330F5B00AB2C2D /* 10_assignment_secondary_db_index.cpp */; };
		997B86072434D71E00AB2C2D /* 11_assignment_secondary_db_index_1.cpp in Sources */ = {isa = PBXBuildFile; fileRef = 997B86062434D71E00AB2C2D /* 11_assignment_secondary_db_index_1.cpp */; };
		997B86092434D9E900AB2C2D /* 12_namespaces.cpp in Sources */ = {isa = PBXBuildFile; fileRef = 997B86082434D9E900AB2C2D /* 12_namespaces.cpp */; };
		997B860F2434DC0500AB2C2D /* xml.cpp in Sources */ = {isa = PBXBuildFile; fileRef = 997B860C2434DC0500AB2C2D /* xml.cpp */; };
		997B86102434DC0500AB2C2D /* 13_spendings_xml.cpp in Sources */ = {isa = PBXBuildFile; fileRef = 997B860D2434DC0500AB2C2D /* 13_spendings_xml.cpp */; };
		997B861524359C6500AB2C2D /* json.cpp in Sources */ = {isa = PBXBuildFile; fileRef = 997B861324359C6500AB2C2D /* json.cpp */; };
		997B861624359C6500AB2C2D /* spendings_json.cpp in Sources */ = {isa = PBXBuildFile; fileRef = 997B861424359C6500AB2C2D /* spendings_json.cpp */; };
		997B861B2435A34700AB2C2D /* 13_assignment_namespaces.cpp in Sources */ = {isa = PBXBuildFile; fileRef = 997B861A2435A34700AB2C2D /* 13_assignment_namespaces.cpp */; };
		997B86202435A3DB00AB2C2D /* 13_ini.cpp in Sources */ = {isa = PBXBuildFile; fileRef = 997B861E2435A3DB00AB2C2D /* 13_ini.cpp */; };
		998250E3243DAD62003B33D1 /* 25_assignment_polynomial.cpp in Sources */ = {isa = PBXBuildFile; fileRef = 998250E2243DAD62003B33D1 /* 25_assignment_polynomial.cpp */; };
		998250E6243DBA2D003B33D1 /* 26_assignment_object_pool.cpp in Sources */ = {isa = PBXBuildFile; fileRef = 998250E4243DBA2D003B33D1 /* 26_assignment_object_pool.cpp */; };
		998250E8243DC989003B33D1 /* 27_unique_ptr.cpp in Sources */ = {isa = PBXBuildFile; fileRef = 998250E7243DC989003B33D1 /* 27_unique_ptr.cpp */; };
		998250EA243DD02F003B33D1 /* 28_obj_pool_with_unique_ptr.cpp in Sources */ = {isa = PBXBuildFile; fileRef = 998250E9243DD02F003B33D1 /* 28_obj_pool_with_unique_ptr.cpp */; };
		998250EC243DD9EF003B33D1 /* 29_obj_pool_unique_ptr_compare.cpp in Sources */ = {isa = PBXBuildFile; fileRef = 998250EB243DD9EF003B33D1 /* 29_obj_pool_unique_ptr_compare.cpp */; };
		9987E8CE2438981A00E377DC /* 20_const_and_mutable.cpp in Sources */ = {isa = PBXBuildFile; fileRef = 9987E8CD2438981A00E377DC /* 20_const_and_mutable.cpp */; };
		998C786924309C2D00A62FA3 /* 5_assignment_set_iterator.cpp in Sources */ = {isa = PBXBuildFile; fileRef = 998C786824309C2D00A62FA3 /* 5_assignment_set_iterator.cpp */; };
		998C786B2430A81C00A62FA3 /* 6_set_custom_types.cpp in Sources */ = {isa = PBXBuildFile; fileRef = 998C786A2430A81C00A62FA3 /* 6_set_custom_types.cpp */; };
		998DAAE22431BC7300CE4BD4 /* 7_set_nested_custom_types.cpp in Sources */ = {isa = PBXBuildFile; fileRef = 998DAAE12431BC7300CE4BD4 /* 7_set_nested_custom_types.cpp */; };
		99917785243094B300216CE7 /* 4_map_iterators.cpp in Sources */ = {isa = PBXBuildFile; fileRef = 99917784243094B300216CE7 /* 4_map_iterators.cpp */; };
		9997981E2439B67600125885 /* 21_assignment_synchronized.cpp in Sources */ = {isa = PBXBuildFile; fileRef = 9997981D2439B67600125885 /* 21_assignment_synchronized.cpp */; };
		999798202439C0B800125885 /* 22_concurrent_map.cpp in Sources */ = {isa = PBXBuildFile; fileRef = 9997981F2439C0B800125885 /* 22_concurrent_map.cpp */; };
		99A9AAEF2435B726004BC15D /* 14_using.cpp in Sources */ = {isa = PBXBuildFile; fileRef = 99A9AAEE2435B726004BC15D /* 14_using.cpp */; };
		99A9AAF1243755A7004BC15D /* 15_this.cpp in Sources */ = {isa = PBXBuildFile; fileRef = 99A9AAF0243755A7004BC15D /* 15_this.cpp */; };
		99AB4B502439F7CD00479E9B /* 23_const_hack.cpp in Sources */ = {isa = PBXBuildFile; fileRef = 99AB4B4F2439F7CD00479E9B /* 23_const_hack.cpp */; };
		99B640A724386A3E00B32CE4 /* 17_immediatelly_invoked_lambda_expr.cpp in Sources */ = {isa = PBXBuildFile; fileRef = 99B640A624386A3E00B32CE4 /* 17_immediatelly_invoked_lambda_expr.cpp */; };
		99B640A9243878F800B32CE4 /* 18_assignment_print_stats_2.cpp in Sources */ = {isa = PBXBuildFile; fileRef = 99B640A8243878F800B32CE4 /* 18_assignment_print_stats_2.cpp */; };
		99B640AB243895E500B32CE4 /* 19_concurrency_and_const.cpp in Sources */ = {isa = PBXBuildFile; fileRef = 99B640AA243895E500B32CE4 /* 19_concurrency_and_const.cpp */; };
		99DCF5A5243DDF54006E2701 /* 30_assignment_animals.cpp in Sources */ = {isa = PBXBuildFile; fileRef = 99DCF5A3243DDF54006E2701 /* 30_assignment_animals.cpp */; };
		99DCF5A7243DE6DB006E2701 /* 31_assignment_pipeline_builder.cpp in Sources */ = {isa = PBXBuildFile; fileRef = 99DCF5A6243DE6DB006E2701 /* 31_assignment_pipeline_builder.cpp */; };
		99DCF5A9243EFDFE006E2701 /* 32_obj_pool_unique_ptr_unordered_map.cpp in Sources */ = {isa = PBXBuildFile; fileRef = 99DCF5A8243EFDFE006E2701 /* 32_obj_pool_unique_ptr_unordered_map.cpp */; };
		99FE8446242F79DB005B53C7 /* 1_head_iterator.h in Sources */ = {isa = PBXBuildFile; fileRef = 99FE8445242F79DB005B53C7 /* 1_head_iterator.h */; };
		99FE844D242F7E2F005B53C7 /* 2_map.cpp in Sources */ = {isa = PBXBuildFile; fileRef = 99FE844C242F7E2F005B53C7 /* 2_map.cpp */; };
		99FE844F24308A3B005B53C7 /* 3_assignment_hash_set.cpp in Sources */ = {isa = PBXBuildFile; fileRef = 99FE844E24308A3B005B53C7 /* 3_assignment_hash_set.cpp */; };
/* End PBXBuildFile section */

/* Begin PBXCopyFilesBuildPhase section */
		99FE8440242F79DB005B53C7 /* CopyFiles */ = {
			isa = PBXCopyFilesBuildPhase;
			buildActionMask = 2147483647;
			dstPath = /usr/share/man/man1/;
			dstSubfolderSpec = 0;
			files = (
			);
			runOnlyForDeploymentPostprocessing = 1;
		};
/* End PBXCopyFilesBuildPhase section */

/* Begin PBXFileReference section */
		99463D91243B4706008983B4 /* 24_hashing_integers.cpp */ = {isa = PBXFileReference; lastKnownFileType = sourcecode.cpp.cpp; path = 24_hashing_integers.cpp; sourceTree = "<group>"; };
		994CBC9D2437675D009EE895 /* 16_optional.cpp */ = {isa = PBXFileReference; lastKnownFileType = sourcecode.cpp.cpp; path = 16_optional.cpp; sourceTree = "<group>"; };
		997B86002431C65A00AB2C2D /* 8_assignment_hashing.cpp */ = {isa = PBXFileReference; lastKnownFileType = sourcecode.cpp.cpp; path = 8_assignment_hashing.cpp; sourceTree = "<group>"; };
		997B8602243244D300AB2C2D /* 9_set_extract_merge.cpp */ = {isa = PBXFileReference; lastKnownFileType = sourcecode.cpp.cpp; path = 9_set_extract_merge.cpp; sourceTree = "<group>"; };
		997B860424330F5B00AB2C2D /* 10_assignment_secondary_db_index.cpp */ = {isa = PBXFileReference; lastKnownFileType = sourcecode.cpp.cpp; path = 10_assignment_secondary_db_index.cpp; sourceTree = "<group>"; };
		997B86062434D71E00AB2C2D /* 11_assignment_secondary_db_index_1.cpp */ = {isa = PBXFileReference; lastKnownFileType = sourcecode.cpp.cpp; path = 11_assignment_secondary_db_index_1.cpp; sourceTree = "<group>"; };
		997B86082434D9E900AB2C2D /* 12_namespaces.cpp */ = {isa = PBXFileReference; lastKnownFileType = sourcecode.cpp.cpp; path = 12_namespaces.cpp; sourceTree = "<group>"; };
		997B860C2434DC0500AB2C2D /* xml.cpp */ = {isa = PBXFileReference; fileEncoding = 4; lastKnownFileType = sourcecode.cpp.cpp; path = xml.cpp; sourceTree = "<group>"; };
		997B860D2434DC0500AB2C2D /* 13_spendings_xml.cpp */ = {isa = PBXFileReference; fileEncoding = 4; lastKnownFileType = sourcecode.cpp.cpp; path = 13_spendings_xml.cpp; sourceTree = "<group>"; };
		997B860E2434DC0500AB2C2D /* xml.h */ = {isa = PBXFileReference; fileEncoding = 4; lastKnownFileType = sourcecode.c.h; path = xml.h; sourceTree = "<group>"; };
		997B861224359C6500AB2C2D /* json.h */ = {isa = PBXFileReference; fileEncoding = 4; lastKnownFileType = sourcecode.c.h; path = json.h; sourceTree = "<group>"; };
		997B861324359C6500AB2C2D /* json.cpp */ = {isa = PBXFileReference; fileEncoding = 4; lastKnownFileType = sourcecode.cpp.cpp; path = json.cpp; sourceTree = "<group>"; };
		997B861424359C6500AB2C2D /* spendings_json.cpp */ = {isa = PBXFileReference; fileEncoding = 4; lastKnownFileType = sourcecode.cpp.cpp; path = spendings_json.cpp; sourceTree = "<group>"; };
		997B861A2435A34700AB2C2D /* 13_assignment_namespaces.cpp */ = {isa = PBXFileReference; lastKnownFileType = sourcecode.cpp.cpp; path = 13_assignment_namespaces.cpp; sourceTree = "<group>"; };
		997B861E2435A3DB00AB2C2D /* 13_ini.cpp */ = {isa = PBXFileReference; lastKnownFileType = sourcecode.cpp.cpp; path = 13_ini.cpp; sourceTree = "<group>"; };
		997B861F2435A3DB00AB2C2D /* 13_ini.h */ = {isa = PBXFileReference; lastKnownFileType = sourcecode.c.h; path = 13_ini.h; sourceTree = "<group>"; };
		998250E2243DAD62003B33D1 /* 25_assignment_polynomial.cpp */ = {isa = PBXFileReference; lastKnownFileType = sourcecode.cpp.cpp; path = 25_assignment_polynomial.cpp; sourceTree = "<group>"; };
		998250E4243DBA2D003B33D1 /* 26_assignment_object_pool.cpp */ = {isa = PBXFileReference; lastKnownFileType = sourcecode.cpp.cpp; path = 26_assignment_object_pool.cpp; sourceTree = "<group>"; };
		998250E7243DC989003B33D1 /* 27_unique_ptr.cpp */ = {isa = PBXFileReference; lastKnownFileType = sourcecode.cpp.cpp; path = 27_unique_ptr.cpp; sourceTree = "<group>"; };
		998250E9243DD02F003B33D1 /* 28_obj_pool_with_unique_ptr.cpp */ = {isa = PBXFileReference; lastKnownFileType = sourcecode.cpp.cpp; path = 28_obj_pool_with_unique_ptr.cpp; sourceTree = "<group>"; };
		998250EB243DD9EF003B33D1 /* 29_obj_pool_unique_ptr_compare.cpp */ = {isa = PBXFileReference; lastKnownFileType = sourcecode.cpp.cpp; path = 29_obj_pool_unique_ptr_compare.cpp; sourceTree = "<group>"; };
		9987E8CD2438981A00E377DC /* 20_const_and_mutable.cpp */ = {isa = PBXFileReference; lastKnownFileType = sourcecode.cpp.cpp; path = 20_const_and_mutable.cpp; sourceTree = "<group>"; };
		998C786824309C2D00A62FA3 /* 5_assignment_set_iterator.cpp */ = {isa = PBXFileReference; lastKnownFileType = sourcecode.cpp.cpp; path = 5_assignment_set_iterator.cpp; sourceTree = "<group>"; };
		998C786A2430A81C00A62FA3 /* 6_set_custom_types.cpp */ = {isa = PBXFileReference; lastKnownFileType = sourcecode.cpp.cpp; path = 6_set_custom_types.cpp; sourceTree = "<group>"; };
		998DAAE12431BC7300CE4BD4 /* 7_set_nested_custom_types.cpp */ = {isa = PBXFileReference; lastKnownFileType = sourcecode.cpp.cpp; path = 7_set_nested_custom_types.cpp; sourceTree = "<group>"; };
		99917784243094B300216CE7 /* 4_map_iterators.cpp */ = {isa = PBXFileReference; lastKnownFileType = sourcecode.cpp.cpp; path = 4_map_iterators.cpp; sourceTree = "<group>"; };
		9997981D2439B67600125885 /* 21_assignment_synchronized.cpp */ = {isa = PBXFileReference; lastKnownFileType = sourcecode.cpp.cpp; path = 21_assignment_synchronized.cpp; sourceTree = "<group>"; };
		9997981F2439C0B800125885 /* 22_concurrent_map.cpp */ = {isa = PBXFileReference; lastKnownFileType = sourcecode.cpp.cpp; path = 22_concurrent_map.cpp; sourceTree = "<group>"; };
		99A9AAEE2435B726004BC15D /* 14_using.cpp */ = {isa = PBXFileReference; lastKnownFileType = sourcecode.cpp.cpp; path = 14_using.cpp; sourceTree = "<group>"; };
		99A9AAF0243755A7004BC15D /* 15_this.cpp */ = {isa = PBXFileReference; lastKnownFileType = sourcecode.cpp.cpp; path = 15_this.cpp; sourceTree = "<group>"; };
		99AB4B4F2439F7CD00479E9B /* 23_const_hack.cpp */ = {isa = PBXFileReference; lastKnownFileType = sourcecode.cpp.cpp; path = 23_const_hack.cpp; sourceTree = "<group>"; };
		99B640A624386A3E00B32CE4 /* 17_immediatelly_invoked_lambda_expr.cpp */ = {isa = PBXFileReference; lastKnownFileType = sourcecode.cpp.cpp; path = 17_immediatelly_invoked_lambda_expr.cpp; sourceTree = "<group>"; };
		99B640A8243878F800B32CE4 /* 18_assignment_print_stats_2.cpp */ = {isa = PBXFileReference; lastKnownFileType = sourcecode.cpp.cpp; path = 18_assignment_print_stats_2.cpp; sourceTree = "<group>"; };
		99B640AA243895E500B32CE4 /* 19_concurrency_and_const.cpp */ = {isa = PBXFileReference; lastKnownFileType = sourcecode.cpp.cpp; path = 19_concurrency_and_const.cpp; sourceTree = "<group>"; };
		99DCF5A3243DDF54006E2701 /* 30_assignment_animals.cpp */ = {isa = PBXFileReference; lastKnownFileType = sourcecode.cpp.cpp; path = 30_assignment_animals.cpp; sourceTree = "<group>"; };
		99DCF5A4243DDF54006E2701 /* 30_assignment_animals.h */ = {isa = PBXFileReference; lastKnownFileType = sourcecode.c.h; path = 30_assignment_animals.h; sourceTree = "<group>"; };
		99DCF5A6243DE6DB006E2701 /* 31_assignment_pipeline_builder.cpp */ = {isa = PBXFileReference; lastKnownFileType = sourcecode.cpp.cpp; path = 31_assignment_pipeline_builder.cpp; sourceTree = "<group>"; };
		99DCF5A8243EFDFE006E2701 /* 32_obj_pool_unique_ptr_unordered_map.cpp */ = {isa = PBXFileReference; lastKnownFileType = sourcecode.cpp.cpp; path = 32_obj_pool_unique_ptr_unordered_map.cpp; sourceTree = "<group>"; };
		99FE8442242F79DB005B53C7 /* brown_playground */ = {isa = PBXFileReference; explicitFileType = "compiled.mach-o.executable"; includeInIndex = 0; path = brown_playground; sourceTree = BUILT_PRODUCTS_DIR; };
		99FE8445242F79DB005B53C7 /* 1_head_iterator.h */ = {isa = PBXFileReference; lastKnownFileType = sourcecode.c.h; path = 1_head_iterator.h; sourceTree = "<group>"; };
		99FE844C242F7E2F005B53C7 /* 2_map.cpp */ = {isa = PBXFileReference; lastKnownFileType = sourcecode.cpp.cpp; path = 2_map.cpp; sourceTree = "<group>"; };
		99FE844E24308A3B005B53C7 /* 3_assignment_hash_set.cpp */ = {isa = PBXFileReference; lastKnownFileType = sourcecode.cpp.cpp; path = 3_assignment_hash_set.cpp; sourceTree = "<group>"; };
/* End PBXFileReference section */

/* Begin PBXFrameworksBuildPhase section */
		99FE843F242F79DB005B53C7 /* Frameworks */ = {
			isa = PBXFrameworksBuildPhase;
			buildActionMask = 2147483647;
			files = (
			);
			runOnlyForDeploymentPostprocessing = 0;
		};
/* End PBXFrameworksBuildPhase section */

/* Begin PBXGroup section */
		997B860B2434DBE000AB2C2D /* xml */ = {
			isa = PBXGroup;
			children = (
				997B860D2434DC0500AB2C2D /* 13_spendings_xml.cpp */,
				997B860C2434DC0500AB2C2D /* xml.cpp */,
				997B860E2434DC0500AB2C2D /* xml.h */,
			);
			path = xml;
			sourceTree = "<group>";
		};
		997B861124359C4F00AB2C2D /* json */ = {
			isa = PBXGroup;
			children = (
				997B861324359C6500AB2C2D /* json.cpp */,
				997B861224359C6500AB2C2D /* json.h */,
				997B861424359C6500AB2C2D /* spendings_json.cpp */,
			);
			path = json;
			sourceTree = "<group>";
		};
		99FE8439242F79DB005B53C7 = {
			isa = PBXGroup;
			children = (
				99FE8444242F79DB005B53C7 /* brown_playground */,
				99FE8443242F79DB005B53C7 /* Products */,
			);
			sourceTree = "<group>";
		};
		99FE8443242F79DB005B53C7 /* Products */ = {
			isa = PBXGroup;
			children = (
				99FE8442242F79DB005B53C7 /* brown_playground */,
			);
			name = Products;
			sourceTree = "<group>";
		};
		99FE8444242F79DB005B53C7 /* brown_playground */ = {
			isa = PBXGroup;
			children = (
				997B861124359C4F00AB2C2D /* json */,
				997B860B2434DBE000AB2C2D /* xml */,
				99FE8445242F79DB005B53C7 /* 1_head_iterator.h */,
				99FE844C242F7E2F005B53C7 /* 2_map.cpp */,
				99FE844E24308A3B005B53C7 /* 3_assignment_hash_set.cpp */,
				99917784243094B300216CE7 /* 4_map_iterators.cpp */,
				998C786824309C2D00A62FA3 /* 5_assignment_set_iterator.cpp */,
				998C786A2430A81C00A62FA3 /* 6_set_custom_types.cpp */,
				998DAAE12431BC7300CE4BD4 /* 7_set_nested_custom_types.cpp */,
				997B86002431C65A00AB2C2D /* 8_assignment_hashing.cpp */,
				997B8602243244D300AB2C2D /* 9_set_extract_merge.cpp */,
				997B860424330F5B00AB2C2D /* 10_assignment_secondary_db_index.cpp */,
				997B86062434D71E00AB2C2D /* 11_assignment_secondary_db_index_1.cpp */,
				997B86082434D9E900AB2C2D /* 12_namespaces.cpp */,
				997B861A2435A34700AB2C2D /* 13_assignment_namespaces.cpp */,
				997B861E2435A3DB00AB2C2D /* 13_ini.cpp */,
				997B861F2435A3DB00AB2C2D /* 13_ini.h */,
				99A9AAEE2435B726004BC15D /* 14_using.cpp */,
				99A9AAF0243755A7004BC15D /* 15_this.cpp */,
				994CBC9D2437675D009EE895 /* 16_optional.cpp */,
				99B640A624386A3E00B32CE4 /* 17_immediatelly_invoked_lambda_expr.cpp */,
				99B640A8243878F800B32CE4 /* 18_assignment_print_stats_2.cpp */,
				99B640AA243895E500B32CE4 /* 19_concurrency_and_const.cpp */,
				9987E8CD2438981A00E377DC /* 20_const_and_mutable.cpp */,
				9997981D2439B67600125885 /* 21_assignment_synchronized.cpp */,
				9997981F2439C0B800125885 /* 22_concurrent_map.cpp */,
				99AB4B4F2439F7CD00479E9B /* 23_const_hack.cpp */,
				99463D91243B4706008983B4 /* 24_hashing_integers.cpp */,
				998250E2243DAD62003B33D1 /* 25_assignment_polynomial.cpp */,
				998250E4243DBA2D003B33D1 /* 26_assignment_object_pool.cpp */,
				998250E7243DC989003B33D1 /* 27_unique_ptr.cpp */,
				998250E9243DD02F003B33D1 /* 28_obj_pool_with_unique_ptr.cpp */,
				998250EB243DD9EF003B33D1 /* 29_obj_pool_unique_ptr_compare.cpp */,
				99DCF5A3243DDF54006E2701 /* 30_assignment_animals.cpp */,
				99DCF5A4243DDF54006E2701 /* 30_assignment_animals.h */,
				99DCF5A6243DE6DB006E2701 /* 31_assignment_pipeline_builder.cpp */,
				99DCF5A8243EFDFE006E2701 /* 32_obj_pool_unique_ptr_unordered_map.cpp */,
			);
			path = brown_playground;
			sourceTree = "<group>";
		};
/* End PBXGroup section */

/* Begin PBXNativeTarget section */
		99FE8441242F79DB005B53C7 /* brown_playground */ = {
			isa = PBXNativeTarget;
			buildConfigurationList = 99FE8449242F79DB005B53C7 /* Build configuration list for PBXNativeTarget "brown_playground" */;
			buildPhases = (
				99FE843E242F79DB005B53C7 /* Sources */,
				99FE843F242F79DB005B53C7 /* Frameworks */,
				99FE8440242F79DB005B53C7 /* CopyFiles */,
			);
			buildRules = (
			);
			dependencies = (
			);
			name = brown_playground;
			productName = brown_playground;
			productReference = 99FE8442242F79DB005B53C7 /* brown_playground */;
			productType = "com.apple.product-type.tool";
		};
/* End PBXNativeTarget section */

/* Begin PBXProject section */
		99FE843A242F79DB005B53C7 /* Project object */ = {
			isa = PBXProject;
			attributes = {
				LastUpgradeCheck = 1030;
				ORGANIZATIONNAME = "Artsiom Kaliaha";
				TargetAttributes = {
					99FE8441242F79DB005B53C7 = {
						CreatedOnToolsVersion = 10.3;
					};
				};
			};
			buildConfigurationList = 99FE843D242F79DB005B53C7 /* Build configuration list for PBXProject "brown_playground" */;
			compatibilityVersion = "Xcode 9.3";
			developmentRegion = en;
			hasScannedForEncodings = 0;
			knownRegions = (
				en,
			);
			mainGroup = 99FE8439242F79DB005B53C7;
			productRefGroup = 99FE8443242F79DB005B53C7 /* Products */;
			projectDirPath = "";
			projectRoot = "";
			targets = (
				99FE8441242F79DB005B53C7 /* brown_playground */,
			);
		};
/* End PBXProject section */

/* Begin PBXSourcesBuildPhase section */
		99FE843E242F79DB005B53C7 /* Sources */ = {
			isa = PBXSourcesBuildPhase;
			buildActionMask = 2147483647;
			files = (
				99FE8446242F79DB005B53C7 /* 1_head_iterator.h in Sources */,
				99463D92243B4706008983B4 /* 24_hashing_integers.cpp in Sources */,
				99B640AB243895E500B32CE4 /* 19_concurrency_and_const.cpp in Sources */,
				99A9AAF1243755A7004BC15D /* 15_this.cpp in Sources */,
				998250EA243DD02F003B33D1 /* 28_obj_pool_with_unique_ptr.cpp in Sources */,
				99AB4B502439F7CD00479E9B /* 23_const_hack.cpp in Sources */,
				998250EC243DD9EF003B33D1 /* 29_obj_pool_unique_ptr_compare.cpp in Sources */,
				99DCF5A9243EFDFE006E2701 /* 32_obj_pool_unique_ptr_unordered_map.cpp in Sources */,
				9997981E2439B67600125885 /* 21_assignment_synchronized.cpp in Sources */,
				99917785243094B300216CE7 /* 4_map_iterators.cpp in Sources */,
				997B86012431C65A00AB2C2D /* 8_assignment_hashing.cpp in Sources */,
				997B8603243244D300AB2C2D /* 9_set_extract_merge.cpp in Sources */,
				994CBC9E2437675D009EE895 /* 16_optional.cpp in Sources */,
				997B860F2434DC0500AB2C2D /* xml.cpp in Sources */,
				997B86102434DC0500AB2C2D /* 13_spendings_xml.cpp in Sources */,
				99FE844F24308A3B005B53C7 /* 3_assignment_hash_set.cpp in Sources */,
				997B861624359C6500AB2C2D /* spendings_json.cpp in Sources */,
				997B86072434D71E00AB2C2D /* 11_assignment_secondary_db_index_1.cpp in Sources */,
				99B640A724386A3E00B32CE4 /* 17_immediatelly_invoked_lambda_expr.cpp in Sources */,
				99B640A9243878F800B32CE4 /* 18_assignment_print_stats_2.cpp in Sources */,
				997B861524359C6500AB2C2D /* json.cpp in Sources */,
				998C786B2430A81C00A62FA3 /* 6_set_custom_types.cpp in Sources */,
				998250E3243DAD62003B33D1 /* 25_assignment_polynomial.cpp in Sources */,
				99DCF5A7243DE6DB006E2701 /* 31_assignment_pipeline_builder.cpp in Sources */,
				998C786924309C2D00A62FA3 /* 5_assignment_set_iterator.cpp in Sources */,
				999798202439C0B800125885 /* 22_concurrent_map.cpp in Sources */,
				998250E8243DC989003B33D1 /* 27_unique_ptr.cpp in Sources */,
				997B86202435A3DB00AB2C2D /* 13_ini.cpp in Sources */,
				998250E6243DBA2D003B33D1 /* 26_assignment_object_pool.cpp in Sources */,
				9987E8CE2438981A00E377DC /* 20_const_and_mutable.cpp in Sources */,
				997B86092434D9E900AB2C2D /* 12_namespaces.cpp in Sources */,
				997B860524330F5B00AB2C2D /* 10_assignment_secondary_db_index.cpp in Sources */,
				99DCF5A5243DDF54006E2701 /* 30_assignment_animals.cpp in Sources */,
				997B861B2435A34700AB2C2D /* 13_assignment_namespaces.cpp in Sources */,
				99FE844D242F7E2F005B53C7 /* 2_map.cpp in Sources */,
				998DAAE22431BC7300CE4BD4 /* 7_set_nested_custom_types.cpp in Sources */,
				99A9AAEF2435B726004BC15D /* 14_using.cpp in Sources */,
			);
			runOnlyForDeploymentPostprocessing = 0;
		};
/* End PBXSourcesBuildPhase section */

/* Begin XCBuildConfiguration section */
		99FE8447242F79DB005B53C7 /* Debug */ = {
			isa = XCBuildConfiguration;
			buildSettings = {
				ALWAYS_SEARCH_USER_PATHS = NO;
				CLANG_ANALYZER_NONNULL = YES;
				CLANG_ANALYZER_NUMBER_OBJECT_CONVERSION = YES_AGGRESSIVE;
				CLANG_CXX_LANGUAGE_STANDARD = "gnu++14";
				CLANG_CXX_LIBRARY = "libc++";
				CLANG_ENABLE_MODULES = YES;
				CLANG_ENABLE_OBJC_ARC = YES;
				CLANG_ENABLE_OBJC_WEAK = YES;
				CLANG_WARN_BLOCK_CAPTURE_AUTORELEASING = YES;
				CLANG_WARN_BOOL_CONVERSION = YES;
				CLANG_WARN_COMMA = YES;
				CLANG_WARN_CONSTANT_CONVERSION = YES;
				CLANG_WARN_DEPRECATED_OBJC_IMPLEMENTATIONS = YES;
				CLANG_WARN_DIRECT_OBJC_ISA_USAGE = YES_ERROR;
				CLANG_WARN_DOCUMENTATION_COMMENTS = YES;
				CLANG_WARN_EMPTY_BODY = YES;
				CLANG_WARN_ENUM_CONVERSION = YES;
				CLANG_WARN_INFINITE_RECURSION = YES;
				CLANG_WARN_INT_CONVERSION = YES;
				CLANG_WARN_NON_LITERAL_NULL_CONVERSION = YES;
				CLANG_WARN_OBJC_IMPLICIT_RETAIN_SELF = YES;
				CLANG_WARN_OBJC_LITERAL_CONVERSION = YES;
				CLANG_WARN_OBJC_ROOT_CLASS = YES_ERROR;
				CLANG_WARN_RANGE_LOOP_ANALYSIS = YES;
				CLANG_WARN_STRICT_PROTOTYPES = YES;
				CLANG_WARN_SUSPICIOUS_MOVE = YES;
				CLANG_WARN_UNGUARDED_AVAILABILITY = YES_AGGRESSIVE;
				CLANG_WARN_UNREACHABLE_CODE = YES;
				CLANG_WARN__DUPLICATE_METHOD_MATCH = YES;
				CODE_SIGN_IDENTITY = "-";
				COPY_PHASE_STRIP = NO;
				DEBUG_INFORMATION_FORMAT = dwarf;
				ENABLE_STRICT_OBJC_MSGSEND = YES;
				ENABLE_TESTABILITY = YES;
				GCC_C_LANGUAGE_STANDARD = gnu11;
				GCC_DYNAMIC_NO_PIC = NO;
				GCC_NO_COMMON_BLOCKS = YES;
				GCC_OPTIMIZATION_LEVEL = 0;
				GCC_PREPROCESSOR_DEFINITIONS = (
					"DEBUG=1",
					"$(inherited)",
				);
				GCC_WARN_64_TO_32_BIT_CONVERSION = YES;
				GCC_WARN_ABOUT_RETURN_TYPE = YES_ERROR;
				GCC_WARN_UNDECLARED_SELECTOR = YES;
				GCC_WARN_UNINITIALIZED_AUTOS = YES_AGGRESSIVE;
				GCC_WARN_UNUSED_FUNCTION = YES;
				GCC_WARN_UNUSED_VARIABLE = YES;
				MACOSX_DEPLOYMENT_TARGET = 10.14;
				MTL_ENABLE_DEBUG_INFO = INCLUDE_SOURCE;
				MTL_FAST_MATH = YES;
				ONLY_ACTIVE_ARCH = YES;
				SDKROOT = macosx;
			};
			name = Debug;
		};
		99FE8448242F79DB005B53C7 /* Release */ = {
			isa = XCBuildConfiguration;
			buildSettings = {
				ALWAYS_SEARCH_USER_PATHS = NO;
				CLANG_ANALYZER_NONNULL = YES;
				CLANG_ANALYZER_NUMBER_OBJECT_CONVERSION = YES_AGGRESSIVE;
				CLANG_CXX_LANGUAGE_STANDARD = "gnu++14";
				CLANG_CXX_LIBRARY = "libc++";
				CLANG_ENABLE_MODULES = YES;
				CLANG_ENABLE_OBJC_ARC = YES;
				CLANG_ENABLE_OBJC_WEAK = YES;
				CLANG_WARN_BLOCK_CAPTURE_AUTORELEASING = YES;
				CLANG_WARN_BOOL_CONVERSION = YES;
				CLANG_WARN_COMMA = YES;
				CLANG_WARN_CONSTANT_CONVERSION = YES;
				CLANG_WARN_DEPRECATED_OBJC_IMPLEMENTATIONS = YES;
				CLANG_WARN_DIRECT_OBJC_ISA_USAGE = YES_ERROR;
				CLANG_WARN_DOCUMENTATION_COMMENTS = YES;
				CLANG_WARN_EMPTY_BODY = YES;
				CLANG_WARN_ENUM_CONVERSION = YES;
				CLANG_WARN_INFINITE_RECURSION = YES;
				CLANG_WARN_INT_CONVERSION = YES;
				CLANG_WARN_NON_LITERAL_NULL_CONVERSION = YES;
				CLANG_WARN_OBJC_IMPLICIT_RETAIN_SELF = YES;
				CLANG_WARN_OBJC_LITERAL_CONVERSION = YES;
				CLANG_WARN_OBJC_ROOT_CLASS = YES_ERROR;
				CLANG_WARN_RANGE_LOOP_ANALYSIS = YES;
				CLANG_WARN_STRICT_PROTOTYPES = YES;
				CLANG_WARN_SUSPICIOUS_MOVE = YES;
				CLANG_WARN_UNGUARDED_AVAILABILITY = YES_AGGRESSIVE;
				CLANG_WARN_UNREACHABLE_CODE = YES;
				CLANG_WARN__DUPLICATE_METHOD_MATCH = YES;
				CODE_SIGN_IDENTITY = "-";
				COPY_PHASE_STRIP = NO;
				DEBUG_INFORMATION_FORMAT = "dwarf-with-dsym";
				ENABLE_NS_ASSERTIONS = NO;
				ENABLE_STRICT_OBJC_MSGSEND = YES;
				GCC_C_LANGUAGE_STANDARD = gnu11;
				GCC_NO_COMMON_BLOCKS = YES;
				GCC_WARN_64_TO_32_BIT_CONVERSION = YES;
				GCC_WARN_ABOUT_RETURN_TYPE = YES_ERROR;
				GCC_WARN_UNDECLARED_SELECTOR = YES;
				GCC_WARN_UNINITIALIZED_AUTOS = YES_AGGRESSIVE;
				GCC_WARN_UNUSED_FUNCTION = YES;
				GCC_WARN_UNUSED_VARIABLE = YES;
				MACOSX_DEPLOYMENT_TARGET = 10.14;
				MTL_ENABLE_DEBUG_INFO = NO;
				MTL_FAST_MATH = YES;
				SDKROOT = macosx;
			};
			name = Release;
		};
		99FE844A242F79DB005B53C7 /* Debug */ = {
			isa = XCBuildConfiguration;
			buildSettings = {
				CLANG_CXX_LANGUAGE_STANDARD = "gnu++17";
				CODE_SIGN_STYLE = Automatic;
				PRODUCT_NAME = "$(TARGET_NAME)";
			};
			name = Debug;
		};
		99FE844B242F79DB005B53C7 /* Release */ = {
			isa = XCBuildConfiguration;
			buildSettings = {
				CLANG_CXX_LANGUAGE_STANDARD = "gnu++17";
				CODE_SIGN_STYLE = Automatic;
				PRODUCT_NAME = "$(TARGET_NAME)";
			};
			name = Release;
		};
/* End XCBuildConfiguration section */

/* Begin XCConfigurationList section */
		99FE843D242F79DB005B53C7 /* Build configuration list for PBXProject "brown_playground" */ = {
			isa = XCConfigurationList;
			buildConfigurations = (
				99FE8447242F79DB005B53C7 /* Debug */,
				99FE8448242F79DB005B53C7 /* Release */,
			);
			defaultConfigurationIsVisible = 0;
			defaultConfigurationName = Release;
		};
		99FE8449242F79DB005B53C7 /* Build configuration list for PBXNativeTarget "brown_playground" */ = {
			isa = XCConfigurationList;
			buildConfigurations = (
				99FE844A242F79DB005B53C7 /* Debug */,
				99FE844B242F79DB005B53C7 /* Release */,
			);
			defaultConfigurationIsVisible = 0;
			defaultConfigurationName = Release;
		};
/* End XCConfigurationList section */
	};
	rootObject = 99FE843A242F79DB005B53C7 /* Project object */;
}
